{
  "version": 4,
  "terraform_version": "1.0.7",
  "serial": 56,
  "lineage": "2274ece0-94a3-4967-9873-99f484f74292",
  "outputs": {
    "ec2_IP": {
      "value": "35.178.149.186",
      "type": "string"
    }
  },
  "resources": [
    {
      "mode": "managed",
      "type": "aws_instance",
      "name": "ec2_instance",
      "provider": "provider[\"registry.terraform.io/hashicorp/aws\"]",
      "instances": [
        {
          "schema_version": 1,
          "attributes": {
            "ami": "ami-096cb92bb3580c759",
            "arn": "arn:aws:ec2:eu-west-2:508715918765:instance/i-09bafabf537a6e287",
            "associate_public_ip_address": true,
            "availability_zone": "eu-west-2a",
            "cpu_core_count": 1,
            "cpu_threads_per_core": 1,
            "credit_specification": [
              {
                "cpu_credits": "standard"
              }
            ],
            "disable_api_termination": false,
            "ebs_block_device": [],
            "ebs_optimized": false,
            "enclave_options": [
              {
                "enabled": false
              }
            ],
            "ephemeral_block_device": [],
            "get_password_data": false,
            "hibernation": false,
            "host_id": null,
            "iam_instance_profile": "",
            "id": "i-09bafabf537a6e287",
            "instance_initiated_shutdown_behavior": null,
            "instance_state": "running",
            "instance_type": "t2.micro",
            "ipv6_address_count": 0,
            "ipv6_addresses": [],
            "key_name": "Dell Ubuntu 20.04 LTS",
            "metadata_options": [
              {
                "http_endpoint": "enabled",
                "http_put_response_hop_limit": 1,
                "http_tokens": "optional"
              }
            ],
            "monitoring": false,
            "network_interface": [],
            "outpost_arn": "",
            "password_data": "",
            "placement_group": "",
            "primary_network_interface_id": "eni-09c4297b79a16c9db",
            "private_dns": "ip-172-31-25-139.eu-west-2.compute.internal",
            "private_ip": "172.31.25.139",
            "public_dns": "ec2-35-178-149-186.eu-west-2.compute.amazonaws.com",
            "public_ip": "35.178.149.186",
            "root_block_device": [
              {
                "delete_on_termination": true,
                "device_name": "/dev/sda1",
                "encrypted": false,
                "iops": 100,
                "kms_key_id": "",
                "tags": {},
                "throughput": 0,
                "volume_id": "vol-030ffd1160c853738",
                "volume_size": 8,
                "volume_type": "gp2"
              }
            ],
            "secondary_private_ips": [],
            "security_groups": [
              "EC2 home SSH HTTP"
            ],
            "source_dest_check": true,
            "subnet_id": "subnet-2d6b1b57",
            "tags": {
              "Name": "terraform-ec2"
            },
            "tenancy": "default",
            "timeouts": null,
            "user_data": "a8abe1516afe45a47af21a03604c73d151f0d1b1",
            "user_data_base64": null,
            "volume_tags": null,
            "vpc_security_group_ids": [
              "sg-02688333bf482b856"
            ]
          },
          "sensitive_attributes": [],
          "private": "eyJlMmJmYjczMC1lY2FhLTExZTYtOGY4OC0zNDM2M2JjN2M0YzAiOnsiY3JlYXRlIjo2MDAwMDAwMDAwMDAsImRlbGV0ZSI6MTIwMDAwMDAwMDAwMCwidXBkYXRlIjo2MDAwMDAwMDAwMDB9LCJzY2hlbWFfdmVyc2lvbiI6IjEifQ==",
          "dependencies": [
            "aws_security_group.ec2_group"
          ]
        }
      ]
    },
    {
      "mode": "managed",
      "type": "aws_key_pair",
      "name": "one_of_my_many_keys",
      "provider": "provider[\"registry.terraform.io/hashicorp/aws\"]",
      "instances": [
        {
          "schema_version": 1,
          "attributes": {
            "arn": "arn:aws:ec2:eu-west-2:508715918765:key-pair/Dell Ubuntu 20.04 LTS",
            "fingerprint": "2e:9d:f2:d9:90:df:93:2c:0a:43:6b:f9:d2:c5:b4:80",
            "id": "Dell Ubuntu 20.04 LTS",
            "key_name": "Dell Ubuntu 20.04 LTS",
            "key_name_prefix": null,
            "key_pair_id": "key-08e650306c960b662",
            "public_key": "ssh-rsa AAAAB3NzaC1yc2EAAAADAQABAAABgQDjIqm/EEDMZ//+4P1HoGKK8kZhAeEFliZu84eEw4Fs15iwZbCkDvwCK5DyZKFGBrUe3A1ae0v3j6ufj9D39N6PIwZFXV0o6wYxgPUgkLiYrxs6RJuyRjk9KOqO/vNnq5zRm40cgmdwDrvV7Kk7EmL9QQa3sUuH/BShJ+7dm/X8UEETUGVFVC+WlOeZabx0Krv3oVWSPWxvA+8XUE+FbfZkIfkARiCzxmj+WdvLlf/yZxp9c+Sl/I/VAV2o48xEptcvpYsLE2kidRj1kQlvnLTWsnLXBheg7LCm8GKmMYVzYGoP3OE6AOcQwIyH0kMypXgM78o34rMgAMJre/RGXloJNi31IObWHDhGxv2t6bJxigLOe0bQP9TGfhNQwhWvvcIDJBE6BvKQYdokfMW4fFAKqPE2cnnFsBeCa5F8DDfEPiwAhINdgfC00ZCCRQmfDmVhuUlqYrmWaJxSqyfswyZL2UYaXblyqnnZlxWt/Fup5pE2//ArTCH0X7q+4Tj0PCk= peter@chronos",
            "tags": {}
          },
          "sensitive_attributes": [],
          "private": "eyJzY2hlbWFfdmVyc2lvbiI6IjEifQ=="
        }
      ]
    },
    {
      "mode": "managed",
      "type": "aws_security_group",
      "name": "ec2_group",
      "provider": "provider[\"registry.terraform.io/hashicorp/aws\"]",
      "instances": [
        {
          "schema_version": 1,
          "attributes": {
            "arn": "arn:aws:ec2:eu-west-2:508715918765:security-group/sg-02688333bf482b856",
            "description": "Managed by Terraform",
            "egress": [
              {
                "cidr_blocks": [
                  "0.0.0.0/0"
                ],
                "description": "",
                "from_port": 0,
                "ipv6_cidr_blocks": [
                  "::/0"
                ],
                "prefix_list_ids": [],
                "protocol": "-1",
                "security_groups": [],
                "self": false,
                "to_port": 0
              }
            ],
            "id": "sg-02688333bf482b856",
            "ingress": [
              {
                "cidr_blocks": [
                  "82.0.226.196/32"
                ],
                "description": "",
                "from_port": 8000,
                "ipv6_cidr_blocks": [],
                "prefix_list_ids": [],
                "protocol": "tcp",
                "security_groups": [],
                "self": false,
                "to_port": 8000
              },
              {
                "cidr_blocks": [
                  "82.0.226.196/32"
                ],
                "description": null,
                "from_port": 22,
                "ipv6_cidr_blocks": [],
                "prefix_list_ids": [],
                "protocol": "tcp",
                "security_groups": [],
                "self": false,
                "to_port": 22
              },
              {
                "cidr_blocks": [
                  "82.0.226.196/32"
                ],
                "description": null,
                "from_port": 443,
                "ipv6_cidr_blocks": [],
                "prefix_list_ids": [],
                "protocol": "tcp",
                "security_groups": [],
                "self": false,
                "to_port": 443
              },
              {
                "cidr_blocks": [
                  "82.0.226.196/32"
                ],
                "description": null,
                "from_port": 80,
                "ipv6_cidr_blocks": [],
                "prefix_list_ids": [],
                "protocol": "tcp",
                "security_groups": [],
                "self": false,
                "to_port": 80
              }
            ],
            "name": "EC2 home SSH HTTP",
            "name_prefix": "",
            "owner_id": "508715918765",
            "revoke_rules_on_delete": false,
            "tags": {
              "Name": "EC2 home SSH HTTP"
            },
            "timeouts": null,
            "vpc_id": "vpc-44183a2c"
          },
          "sensitive_attributes": [],
          "private": "eyJlMmJmYjczMC1lY2FhLTExZTYtOGY4OC0zNDM2M2JjN2M0YzAiOnsiY3JlYXRlIjo2MDAwMDAwMDAwMDAsImRlbGV0ZSI6OTAwMDAwMDAwMDAwfSwic2NoZW1hX3ZlcnNpb24iOiIxIn0="
        }
      ]
    }
  ]
}
